{
  "lockfile-version": 1,
  "manifest": {
    "version": 1,
    "install": {
      "go": {
        "pkg-path": "go",
        "version": "^1.25.7"
      },
      "templ": {
        "pkg-path": "templ"
      }
    },
    "hook": {
      "on-activate": "  # Autogenerated by Flox\n\n  # Point GOENV to Flox environment cache\n  export GOENV=\"$FLOX_ENV_CACHE/goenv\"\n\n  # Install Go dependencies\n  go get .\n\n  # End autogenerated by Flox\n"
    },
    "profile": {},
    "options": {}
  },
  "packages": [
    {
      "attr_path": "go",
      "broken": false,
      "derivation": "/nix/store/3hac85v8ifdj7khc9ygw17ncqh3cifdm-go-1.25.7.drv",
      "description": "Go Programming language",
      "install_id": "go",
      "license": "BSD-3-Clause",
      "locked_url": "https://github.com/flox/nixpkgs?rev=80bdc1e5ce51f56b19791b52b2901187931f5353",
      "name": "go-1.25.7",
      "pname": "go",
      "rev": "80bdc1e5ce51f56b19791b52b2901187931f5353",
      "rev_count": 958232,
      "rev_date": "2026-03-04T11:34:51Z",
      "scrape_date": "2026-03-06T04:40:04.789485Z",
      "stabilities": [
        "staging",
        "unstable"
      ],
      "unfree": false,
      "version": "1.25.7",
      "outputs_to_install": [
        "out"
      ],
      "outputs": {
        "out": "/nix/store/hj3rkkp4azj65qvalnbl6ax0sgrfgmgh-go-1.25.7"
      },
      "system": "aarch64-darwin",
      "group": "toplevel",
      "priority": 5
    },
    {
      "attr_path": "go",
      "broken": false,
      "derivation": "/nix/store/rygzd1f3h7cza5p7y0ja3nzcyyx4h7zx-go-1.25.7.drv",
      "description": "Go Programming language",
      "install_id": "go",
      "license": "BSD-3-Clause",
      "locked_url": "https://github.com/flox/nixpkgs?rev=80bdc1e5ce51f56b19791b52b2901187931f5353",
      "name": "go-1.25.7",
      "pname": "go",
      "rev": "80bdc1e5ce51f56b19791b52b2901187931f5353",
      "rev_count": 958232,
      "rev_date": "2026-03-04T11:34:51Z",
      "scrape_date": "2026-03-06T05:10:51.811029Z",
      "stabilities": [
        "staging",
        "unstable"
      ],
      "unfree": false,
      "version": "1.25.7",
      "outputs_to_install": [
        "out"
      ],
      "outputs": {
        "out": "/nix/store/2i6kcj0f0xirrblpl43k2yr673bhf2c5-go-1.25.7"
      },
      "system": "aarch64-linux",
      "group": "toplevel",
      "priority": 5
    },
    {
      "attr_path": "go",
      "broken": false,
      "derivation": "/nix/store/5r4cbkbvffn0pm253y15gfwvxhf2dm8i-go-1.25.7.drv",
      "description": "Go Programming language",
      "install_id": "go",
      "license": "BSD-3-Clause",
      "locked_url": "https://github.com/flox/nixpkgs?rev=80bdc1e5ce51f56b19791b52b2901187931f5353",
      "name": "go-1.25.7",
      "pname": "go",
      "rev": "80bdc1e5ce51f56b19791b52b2901187931f5353",
      "rev_count": 958232,
      "rev_date": "2026-03-04T11:34:51Z",
      "scrape_date": "2026-03-06T05:39:42.371223Z",
      "stabilities": [
        "staging",
        "unstable"
      ],
      "unfree": false,
      "version": "1.25.7",
      "outputs_to_install": [
        "out"
      ],
      "outputs": {
        "out": "/nix/store/8yk4r9kmb00ra1r22cxvdwghr8v987nf-go-1.25.7"
      },
      "system": "x86_64-darwin",
      "group": "toplevel",
      "priority": 5
    },
    {
      "attr_path": "go",
      "broken": false,
      "derivation": "/nix/store/fq8965avl2cbgcx0ni9xp7ixh8b8k2ki-go-1.25.7.drv",
      "description": "Go Programming language",
      "install_id": "go",
      "license": "BSD-3-Clause",
      "locked_url": "https://github.com/flox/nixpkgs?rev=80bdc1e5ce51f56b19791b52b2901187931f5353",
      "name": "go-1.25.7",
      "pname": "go",
      "rev": "80bdc1e5ce51f56b19791b52b2901187931f5353",
      "rev_count": 958232,
      "rev_date": "2026-03-04T11:34:51Z",
      "scrape_date": "2026-03-06T06:13:32.330201Z",
      "stabilities": [
        "staging",
        "unstable"
      ],
      "unfree": false,
      "version": "1.25.7",
      "outputs_to_install": [
        "out"
      ],
      "outputs": {
        "out": "/nix/store/pz4pxhmlqd3q72crp2sx90k85gf2rqyp-go-1.25.7"
      },
      "system": "x86_64-linux",
      "group": "toplevel",
      "priority": 5
    },
    {
      "attr_path": "templ",
      "broken": false,
      "derivation": "/nix/store/xj77nws3zind0k7fddjkp7j8myi7kbgm-templ-0.3.977.drv",
      "description": "Language for writing HTML user interfaces in Go",
      "install_id": "templ",
      "license": "MIT",
      "locked_url": "https://github.com/flox/nixpkgs?rev=80bdc1e5ce51f56b19791b52b2901187931f5353",
      "name": "templ-0.3.977",
      "pname": "templ",
      "rev": "80bdc1e5ce51f56b19791b52b2901187931f5353",
      "rev_count": 958232,
      "rev_date": "2026-03-04T11:34:51Z",
      "scrape_date": "2026-03-06T04:41:51.776729Z",
      "stabilities": [
        "staging",
        "unstable"
      ],
      "unfree": false,
      "version": "0.3.977",
      "outputs_to_install": [
        "out"
      ],
      "outputs": {
        "out": "/nix/store/20ryxrbhhhy9lsz968igq0zvkjxi1mf3-templ-0.3.977"
      },
      "system": "aarch64-darwin",
      "group": "toplevel",
      "priority": 5
    },
    {
      "attr_path": "templ",
      "broken": false,
      "derivation": "/nix/store/hizym9kbxzqv0qis3590cfwgfx3ld4ss-templ-0.3.977.drv",
      "description": "Language for writing HTML user interfaces in Go",
      "install_id": "templ",
      "license": "MIT",
      "locked_url": "https://github.com/flox/nixpkgs?rev=80bdc1e5ce51f56b19791b52b2901187931f5353",
      "name": "templ-0.3.977",
      "pname": "templ",
      "rev": "80bdc1e5ce51f56b19791b52b2901187931f5353",
      "rev_count": 958232,
      "rev_date": "2026-03-04T11:34:51Z",
      "scrape_date": "2026-03-06T05:13:17.101116Z",
      "stabilities": [
        "staging",
        "unstable"
      ],
      "unfree": false,
      "version": "0.3.977",
      "outputs_to_install": [
        "out"
      ],
      "outputs": {
        "out": "/nix/store/qfw3cg4b0psg9kn392yl07ckigzqman0-templ-0.3.977"
      },
      "system": "aarch64-linux",
      "group": "toplevel",
      "priority": 5
    },
    {
      "attr_path": "templ",
      "broken": false,
      "derivation": "/nix/store/8rwrxhdid9agf8kggsy40m0b5i4m8xzb-templ-0.3.977.drv",
      "description": "Language for writing HTML user interfaces in Go",
      "install_id": "templ",
      "license": "MIT",
      "locked_url": "https://github.com/flox/nixpkgs?rev=80bdc1e5ce51f56b19791b52b2901187931f5353",
      "name": "templ-0.3.977",
      "pname": "templ",
      "rev": "80bdc1e5ce51f56b19791b52b2901187931f5353",
      "rev_count": 958232,
      "rev_date": "2026-03-04T11:34:51Z",
      "scrape_date": "2026-03-06T05:41:29.328480Z",
      "stabilities": [
        "staging",
        "unstable"
      ],
      "unfree": false,
      "version": "0.3.977",
      "outputs_to_install": [
        "out"
      ],
      "outputs": {
        "out": "/nix/store/cr4c8ick9dz4vp4n8jbv04z4x61d1gl8-templ-0.3.977"
      },
      "system": "x86_64-darwin",
      "group": "toplevel",
      "priority": 5
    },
    {
      "attr_path": "templ",
      "broken": false,
      "derivation": "/nix/store/w4x2bxbx2qwiriabkk24h3f0ch5avy0r-templ-0.3.977.drv",
      "description": "Language for writing HTML user interfaces in Go",
      "install_id": "templ",
      "license": "MIT",
      "locked_url": "https://github.com/flox/nixpkgs?rev=80bdc1e5ce51f56b19791b52b2901187931f5353",
      "name": "templ-0.3.977",
      "pname": "templ",
      "rev": "80bdc1e5ce51f56b19791b52b2901187931f5353",
      "rev_count": 958232,
      "rev_date": "2026-03-04T11:34:51Z",
      "scrape_date": "2026-03-06T06:16:01.345530Z",
      "stabilities": [
        "staging",
        "unstable"
      ],
      "unfree": false,
      "version": "0.3.977",
      "outputs_to_install": [
        "out"
      ],
      "outputs": {
        "out": "/nix/store/9h8k60j3vk9k1f8hcz4dyf8bgpvm163f-templ-0.3.977"
      },
      "system": "x86_64-linux",
      "group": "toplevel",
      "priority": 5
    }
  ]
}
